
Microsoft Visual Studio Solution File, Format Version 12.00
# Visual Studio Version 17
VisualStudioVersion = 17.0.32112.339
MinimumVisualStudioVersion = 10.0.40219.1
Project("{930C7802-8A8C-48F9-8165-68863BCCD9DD}") = "FlowFM-Inspector", "FlowFM-Inspector\FlowFM-Inspector.wixproj", "{30B4E1A8-79E3-4BDB-A7BB-F39D1568F7EE}"
EndProject
Global
	GlobalSection(SolutionConfigurationPlatforms) = preSolution
		Debug|x64 = Debug|x64
		Release|x64 = Release|x64
	EndGlobalSection
	GlobalSection(ProjectConfigurationPlatforms) = postSolution
		{30B4E1A8-79E3-4BDB-A7BB-F39D1568F7EE}.Debug|x64.ActiveCfg = Debug|x64
		{30B4E1A8-79E3-4BDB-A7BB-F39D1568F7EE}.Debug|x64.Build.0 = Debug|x64
		{30B4E1A8-79E3-4BDB-A7BB-F39D1568F7EE}.Release|x64.ActiveCfg = Release|x64
		{30B4E1A8-79E3-4BDB-A7BB-F39D1568F7EE}.Release|x64.Build.0 = Release|x64
	EndGlobalSection
	GlobalSection(SolutionProperties) = preSolution
		HideSolutionNode = FALSE
	EndGlobalSection
	GlobalSection(ExtensibilityGlobals) = postSolution
		SolutionGuid = {2002B91F-9993-4464-80E8-AAC7AF5D9DDA}
	EndGlobalSection
EndGlobal
